
Microsoft Visual Studio Solution File, Format Version 12.00
# Visual Studio Version 17
VisualStudioVersion = 17.12.35707.178 d17.12
MinimumVisualStudioVersion = 10.0.40219.1
Project("{FAE04EC0-301F-11D3-BF4B-00C04F79EFBC}") = "week1task", "week1task.csproj", "{BCCC0A73-3A4C-492C-B587-D6B830AABC8E}"
EndProject
Global
	GlobalSection(SolutionConfigurationPlatforms) = preSolution
		Debug|Any CPU = Debug|Any CPU
		Release|Any CPU = Release|Any CPU
	EndGlobalSection
	GlobalSection(ProjectConfigurationPlatforms) = postSolution
		{BCCC0A73-3A4C-492C-B587-D6B830AABC8E}.Debug|Any CPU.ActiveCfg = Debug|Any CPU
		{BCCC0A73-3A4C-492C-B587-D6B830AABC8E}.Debug|Any CPU.Build.0 = Debug|Any CPU
		{BCCC0A73-3A4C-492C-B587-D6B830AABC8E}.Release|Any CPU.ActiveCfg = Release|Any CPU
		{BCCC0A73-3A4C-492C-B587-D6B830AABC8E}.Release|Any CPU.Build.0 = Release|Any CPU
	EndGlobalSection
	GlobalSection(SolutionProperties) = preSolution
		HideSolutionNode = FALSE
	EndGlobalSection
EndGlobal
